
Microsoft Visual Studio Solution File, Format Version 12.00
# Visual Studio 15
VisualStudioVersion = 15.0.28010.2048
MinimumVisualStudioVersion = 10.0.40219.1
Project("{FAE04EC0-301F-11D3-BF4B-00C04F79EFBC}") = "AnalyserLogCatch", "AnalyserLogCatch\AnalyserLogCatch\AnalyserLogCatch.csproj", "{F7495BB4-DCDA-471F-83E5-3048B162F525}"
EndProject
Project("{FAE04EC0-301F-11D3-BF4B-00C04F79EFBC}") = "AnalyserLogCatch.Test", "AnalyserLogCatch\AnalyserLogCatch.Test\AnalyserLogCatch.Test.csproj", "{C82E4B70-9DD6-4475-8CFC-E2A4D7668350}"
EndProject
Project("{FAE04EC0-301F-11D3-BF4B-00C04F79EFBC}") = "AnalyserLogCatch.Vsix", "AnalyserLogCatch\AnalyserLogCatch.Vsix\AnalyserLogCatch.Vsix.csproj", "{E0499B5B-8064-454A-ADF4-14753580E168}"
EndProject
Global
	GlobalSection(SolutionConfigurationPlatforms) = preSolution
		Debug|Any CPU = Debug|Any CPU
		Release|Any CPU = Release|Any CPU
	EndGlobalSection
	GlobalSection(ProjectConfigurationPlatforms) = postSolution
		{F7495BB4-DCDA-471F-83E5-3048B162F525}.Debug|Any CPU.ActiveCfg = Debug|Any CPU
		{F7495BB4-DCDA-471F-83E5-3048B162F525}.Debug|Any CPU.Build.0 = Debug|Any CPU
		{F7495BB4-DCDA-471F-83E5-3048B162F525}.Release|Any CPU.ActiveCfg = Release|Any CPU
		{F7495BB4-DCDA-471F-83E5-3048B162F525}.Release|Any CPU.Build.0 = Release|Any CPU
		{C82E4B70-9DD6-4475-8CFC-E2A4D7668350}.Debug|Any CPU.ActiveCfg = Debug|Any CPU
		{C82E4B70-9DD6-4475-8CFC-E2A4D7668350}.Debug|Any CPU.Build.0 = Debug|Any CPU
		{C82E4B70-9DD6-4475-8CFC-E2A4D7668350}.Release|Any CPU.ActiveCfg = Release|Any CPU
		{C82E4B70-9DD6-4475-8CFC-E2A4D7668350}.Release|Any CPU.Build.0 = Release|Any CPU
		{E0499B5B-8064-454A-ADF4-14753580E168}.Debug|Any CPU.ActiveCfg = Debug|Any CPU
		{E0499B5B-8064-454A-ADF4-14753580E168}.Debug|Any CPU.Build.0 = Debug|Any CPU
		{E0499B5B-8064-454A-ADF4-14753580E168}.Release|Any CPU.ActiveCfg = Release|Any CPU
		{E0499B5B-8064-454A-ADF4-14753580E168}.Release|Any CPU.Build.0 = Release|Any CPU
	EndGlobalSection
	GlobalSection(SolutionProperties) = preSolution
		HideSolutionNode = FALSE
	EndGlobalSection
	GlobalSection(ExtensibilityGlobals) = postSolution
		SolutionGuid = {7D103379-8C8C-46D0-8353-4DDC79D5D9E7}
	EndGlobalSection
EndGlobal
