
Microsoft Visual Studio Solution File, Format Version 12.00
# Visual Studio 15
VisualStudioVersion = 15.0.28010.2048
MinimumVisualStudioVersion = 10.0.40219.1
Project("{FAE04EC0-301F-11D3-BF4B-00C04F79EFBC}") = "AnalisadorLogCatch", "AnalisadorLogCatch\AnalisadorLogCatch\AnalisadorLogCatch.csproj", "{0C81F066-A4B4-4ACE-8CBE-8AF997929457}"
EndProject
Project("{FAE04EC0-301F-11D3-BF4B-00C04F79EFBC}") = "AnalisadorLogCatch.Test", "AnalisadorLogCatch\AnalisadorLogCatch.Test\AnalisadorLogCatch.Test.csproj", "{94DE219A-86BC-43D5-9909-FF10A717ED22}"
EndProject
Project("{FAE04EC0-301F-11D3-BF4B-00C04F79EFBC}") = "AnalisadorLogCatch.Vsix", "AnalisadorLogCatch\AnalisadorLogCatch.Vsix\AnalisadorLogCatch.Vsix.csproj", "{A8C64E80-13D6-47A8-AAAB-EC7E343397F4}"
EndProject
Global
	GlobalSection(SolutionConfigurationPlatforms) = preSolution
		Debug|Any CPU = Debug|Any CPU
		Release|Any CPU = Release|Any CPU
	EndGlobalSection
	GlobalSection(ProjectConfigurationPlatforms) = postSolution
		{0C81F066-A4B4-4ACE-8CBE-8AF997929457}.Debug|Any CPU.ActiveCfg = Debug|Any CPU
		{0C81F066-A4B4-4ACE-8CBE-8AF997929457}.Debug|Any CPU.Build.0 = Debug|Any CPU
		{0C81F066-A4B4-4ACE-8CBE-8AF997929457}.Release|Any CPU.ActiveCfg = Release|Any CPU
		{0C81F066-A4B4-4ACE-8CBE-8AF997929457}.Release|Any CPU.Build.0 = Release|Any CPU
		{94DE219A-86BC-43D5-9909-FF10A717ED22}.Debug|Any CPU.ActiveCfg = Debug|Any CPU
		{94DE219A-86BC-43D5-9909-FF10A717ED22}.Debug|Any CPU.Build.0 = Debug|Any CPU
		{94DE219A-86BC-43D5-9909-FF10A717ED22}.Release|Any CPU.ActiveCfg = Release|Any CPU
		{94DE219A-86BC-43D5-9909-FF10A717ED22}.Release|Any CPU.Build.0 = Release|Any CPU
		{A8C64E80-13D6-47A8-AAAB-EC7E343397F4}.Debug|Any CPU.ActiveCfg = Debug|Any CPU
		{A8C64E80-13D6-47A8-AAAB-EC7E343397F4}.Debug|Any CPU.Build.0 = Debug|Any CPU
		{A8C64E80-13D6-47A8-AAAB-EC7E343397F4}.Release|Any CPU.ActiveCfg = Release|Any CPU
		{A8C64E80-13D6-47A8-AAAB-EC7E343397F4}.Release|Any CPU.Build.0 = Release|Any CPU
	EndGlobalSection
	GlobalSection(SolutionProperties) = preSolution
		HideSolutionNode = FALSE
	EndGlobalSection
	GlobalSection(ExtensibilityGlobals) = postSolution
		SolutionGuid = {C314B88D-670A-42DB-97FB-11854419C3A4}
	EndGlobalSection
EndGlobal
